# THIS IS AN AUTOGENERATED FILE. DO NOT EDIT THIS FILE DIRECTLY.
# yarn lockfile v1


"@types/lodash@^4.14.123":
  version "4.14.123"
  resolved "https://registry.yarnpkg.com/@types/lodash/-/lodash-4.14.123.tgz#39be5d211478c8dd3bdae98ee75bb7efe4abfe4d"
  integrity sha512-pQvPkc4Nltyx7G1Ww45OjVqUsJP4UsZm+GWJpigXgkikZqJgRm4c48g027o6tdgubWHwFRF15iFd+Y4Pmqv6+Q==

"@types/mithril@^1.1.16":
  version "1.1.16"
  resolved "https://registry.yarnpkg.com/@types/mithril/-/mithril-1.1.16.tgz#97647157a4d6dacee8fc86414578c56723dfd715"
  integrity sha512-+HlRvSpKwXP8RXh1hrIcgSHQ/Fh+5O9nYfG7fgNN7PGr2K03G+hLoiA+HXzmUJCsQfPEuNiBQ+TwRl6n7kerSw==

"@types/msgpack-lite@^0.1.6":
  version "0.1.6"
  resolved "https://registry.yarnpkg.com/@types/msgpack-lite/-/msgpack-lite-0.1.6.tgz#27e2a7eea4514f084ed4f9b53f8f63e6db4d6d50"
  integrity sha512-Y9GFyM8qt5p7p+HtM9rsSAnle4ZmcpNAhbaFQyj1XzaHgEVCYgRNJiCeGxf5Jf81/a/G1o+LuGDE3mvLosU2MA==
  dependencies:
    "@types/node" "*"

"@types/node@*":
  version "11.13.7"
  resolved "https://registry.yarnpkg.com/@types/node/-/node-11.13.7.tgz#85dbb71c510442d00c0631f99dae957ce44fd104"
  integrity sha512-suFHr6hcA9mp8vFrZTgrmqW2ZU3mbWsryQtQlY/QvwTISCw7nw/j+bCQPPohqmskhmqa5wLNuMHTTsc+xf1MQg==
